// !$*UTF8*$!
{
	archiveVersion = 1;
	classes = {
	};
	objectVersion = 77;
	objects = {

/* Begin PBXBuildFile section */
		121247232F5B472F006EA54A /* Screen.swift in Sources */ = {isa = PBXBuildFile; fileRef = 121247222F5B4726006EA54A /* Screen.swift */; };
		121247252F5B47C0006EA54A /* RolesCard.swift in Sources */ = {isa = PBXBuildFile; fileRef = 121247242F5B47BC006EA54A /* RolesCard.swift */; };
		121247272F5B486F006EA54A /* WordScreen.swift in Sources */ = {isa = PBXBuildFile; fileRef = 121247262F5B4867006EA54A /* WordScreen.swift */; };
		121342F22F50461B00B85F30 /* DataBase.swift in Sources */ = {isa = PBXBuildFile; fileRef = 121342F02F50461200B85F30 /* DataBase.swift */; };
		121343042F505E8600B85F30 /* ScienceWorkspaceView.swift in Sources */ = {isa = PBXBuildFile; fileRef = 121342FC2F5057CE00B85F30 /* ScienceWorkspaceView.swift */; };
		121343052F505E8C00B85F30 /* ScreenplayWorkspaceView.swift in Sources */ = {isa = PBXBuildFile; fileRef = 121342FB2F5057B700B85F30 /* ScreenplayWorkspaceView.swift */; };
		121343062F505E9100B85F30 /* NovelWorkspaceView.swift in Sources */ = {isa = PBXBuildFile; fileRef = 121342FA2F50578E00B85F30 /* NovelWorkspaceView.swift */; };
		124A08C42F547D720070504C /* Embeddingservice.swift in Sources */ = {isa = PBXBuildFile; fileRef = 124A08C32F547D670070504C /* Embeddingservice.swift */; };
		124A08C62F547E0E0070504C /* Search.swift in Sources */ = {isa = PBXBuildFile; fileRef = 124A08C52F547E090070504C /* Search.swift */; };
		124A08DE2F5488DA0070504C /* tokenizer.json in Resources */ = {isa = PBXBuildFile; fileRef = 124A08DD2F5488DA0070504C /* tokenizer.json */; };
		1269EE342F5491FD00182A81 /* tokenizer.json in Resources */ = {isa = PBXBuildFile; fileRef = 1269EE332F5491FD00182A81 /* tokenizer.json */; };
		12E074FB2F54937400D8F380 /* vocab.txt in Resources */ = {isa = PBXBuildFile; fileRef = 12E074FA2F54937400D8F380 /* vocab.txt */; };
		12E074FD2F54966800D8F380 /* Quicksearch.swift in Sources */ = {isa = PBXBuildFile; fileRef = 12E074FC2F54965D00D8F380 /* Quicksearch.swift */; };
		12E075742F55DB0600D8F380 /* float16_model.mlpackage in Sources */ = {isa = PBXBuildFile; fileRef = 12E075732F55DB0600D8F380 /* float16_model.mlpackage */; };
/* End PBXBuildFile section */

/* Begin PBXFileReference section */
		121247222F5B4726006EA54A /* Screen.swift */ = {isa = PBXFileReference; lastKnownFileType = sourcecode.swift; path = Screen.swift; sourceTree = "<group>"; };
		121247242F5B47BC006EA54A /* RolesCard.swift */ = {isa = PBXFileReference; lastKnownFileType = sourcecode.swift; path = RolesCard.swift; sourceTree = "<group>"; };
		121247262F5B4867006EA54A /* WordScreen.swift */ = {isa = PBXFileReference; lastKnownFileType = sourcecode.swift; path = WordScreen.swift; sourceTree = "<group>"; };
		121342E22F5045FE00B85F30 /* Impulse.app */ = {isa = PBXFileReference; explicitFileType = wrapper.application; includeInIndex = 0; path = Impulse.app; sourceTree = BUILT_PRODUCTS_DIR; };
		121342F02F50461200B85F30 /* DataBase.swift */ = {isa = PBXFileReference; lastKnownFileType = sourcecode.swift; path = DataBase.swift; sourceTree = "<group>"; };
		121342FA2F50578E00B85F30 /* NovelWorkspaceView.swift */ = {isa = PBXFileReference; lastKnownFileType = sourcecode.swift; path = NovelWorkspaceView.swift; sourceTree = "<group>"; };
		121342FB2F5057B700B85F30 /* ScreenplayWorkspaceView.swift */ = {isa = PBXFileReference; lastKnownFileType = sourcecode.swift; path = ScreenplayWorkspaceView.swift; sourceTree = "<group>"; };
		121342FC2F5057CE00B85F30 /* ScienceWorkspaceView.swift */ = {isa = PBXFileReference; lastKnownFileType = sourcecode.swift; path = ScienceWorkspaceView.swift; sourceTree = "<group>"; };
		124A08C32F547D670070504C /* Embeddingservice.swift */ = {isa = PBXFileReference; lastKnownFileType = sourcecode.swift; path = Embeddingservice.swift; sourceTree = "<group>"; };
		124A08C52F547E090070504C /* Search.swift */ = {isa = PBXFileReference; lastKnownFileType = sourcecode.swift; path = Search.swift; sourceTree = "<group>"; };
		124A08DD2F5488DA0070504C /* tokenizer.json */ = {isa = PBXFileReference; lastKnownFileType = text.json; path = tokenizer.json; sourceTree = "<group>"; };
		1269EE332F5491FD00182A81 /* tokenizer.json */ = {isa = PBXFileReference; lastKnownFileType = text.json; path = tokenizer.json; sourceTree = "<group>"; };
		12E074FA2F54937400D8F380 /* vocab.txt */ = {isa = PBXFileReference; lastKnownFileType = text; path = vocab.txt; sourceTree = "<group>"; };
		12E074FC2F54965D00D8F380 /* Quicksearch.swift */ = {isa = PBXFileReference; lastKnownFileType = sourcecode.swift; path = Quicksearch.swift; sourceTree = "<group>"; };
		12E075732F55DB0600D8F380 /* float16_model.mlpackage */ = {isa = PBXFileReference; lastKnownFileType = folder.mlpackage; path = float16_model.mlpackage; sourceTree = "<group>"; };
/* End PBXFileReference section */

/* Begin PBXFileSystemSynchronizedRootGroup section */
		121342E42F5045FE00B85F30 /* View */ = {
			isa = PBXFileSystemSynchronizedRootGroup;
			path = View;
			sourceTree = "<group>";
		};
		124C926A2F51E73A00F0B81D /* BookWorkplace */ = {
			isa = PBXFileSystemSynchronizedRootGroup;
			path = BookWorkplace;
			sourceTree = "<group>";
		};
/* End PBXFileSystemSynchronizedRootGroup section */

/* Begin PBXFrameworksBuildPhase section */
		121342DF2F5045FE00B85F30 /* Frameworks */ = {
			isa = PBXFrameworksBuildPhase;
			buildActionMask = 2147483647;
			files = (
			);
			runOnlyForDeploymentPostprocessing = 0;
		};
/* End PBXFrameworksBuildPhase section */

/* Begin PBXGroup section */
		121342D92F5045FE00B85F30 = {
			isa = PBXGroup;
			children = (
				121342F72F50572D00B85F30 /* Workspace */,
				121342F62F50570600B85F30 /* Structure */,
				121342E42F5045FE00B85F30 /* View */,
				121342E32F5045FE00B85F30 /* Products */,
			);
			sourceTree = "<group>";
		};
		121342E32F5045FE00B85F30 /* Products */ = {
			isa = PBXGroup;
			children = (
				121342E22F5045FE00B85F30 /* Impulse.app */,
			);
			name = Products;
			sourceTree = "<group>";
		};
		121342F62F50570600B85F30 /* Structure */ = {
			isa = PBXGroup;
			children = (
				12E074FC2F54965D00D8F380 /* Quicksearch.swift */,
				12E074FA2F54937400D8F380 /* vocab.txt */,
				12E075732F55DB0600D8F380 /* float16_model.mlpackage */,
				124A08C52F547E090070504C /* Search.swift */,
				1269EE332F5491FD00182A81 /* tokenizer.json */,
				124A08DD2F5488DA0070504C /* tokenizer.json */,
				124A08C32F547D670070504C /* Embeddingservice.swift */,
				121342F02F50461200B85F30 /* DataBase.swift */,
			);
			path = Structure;
			sourceTree = "<group>";
		};
		121342F72F50572D00B85F30 /* Workspace */ = {
			isa = PBXGroup;
			children = (
				124A08962F5460F60070504C /* NovelWorkspace */,
				124A08932F5460D30070504C /* ScreenWorkspace */,
				124A08922F54605A0070504C /* ScienceWorkspace */,
				124C926A2F51E73A00F0B81D /* BookWorkplace */,
			);
			path = Workspace;
			sourceTree = "<group>";
		};
		124A08922F54605A0070504C /* ScienceWorkspace */ = {
			isa = PBXGroup;
			children = (
				121342FC2F5057CE00B85F30 /* ScienceWorkspaceView.swift */,
			);
			path = ScienceWorkspace;
			sourceTree = "<group>";
		};
		124A08932F5460D30070504C /* ScreenWorkspace */ = {
			isa = PBXGroup;
			children = (
				121247262F5B4867006EA54A /* WordScreen.swift */,
				121247242F5B47BC006EA54A /* RolesCard.swift */,
				121247222F5B4726006EA54A /* Screen.swift */,
				121342FB2F5057B700B85F30 /* ScreenplayWorkspaceView.swift */,
			);
			path = ScreenWorkspace;
			sourceTree = "<group>";
		};
		124A08962F5460F60070504C /* NovelWorkspace */ = {
			isa = PBXGroup;
			children = (
				121342FA2F50578E00B85F30 /* NovelWorkspaceView.swift */,
			);
			path = NovelWorkspace;
			sourceTree = "<group>";
		};
/* End PBXGroup section */

/* Begin PBXNativeTarget section */
		121342E12F5045FE00B85F30 /* Impulse */ = {
			isa = PBXNativeTarget;
			buildConfigurationList = 121342ED2F5045FE00B85F30 /* Build configuration list for PBXNativeTarget "Impulse" */;
			buildPhases = (
				121342DE2F5045FE00B85F30 /* Sources */,
				121342DF2F5045FE00B85F30 /* Frameworks */,
				121342E02F5045FE00B85F30 /* Resources */,
			);
			buildRules = (
			);
			dependencies = (
			);
			fileSystemSynchronizedGroups = (
				121342E42F5045FE00B85F30 /* View */,
				124C926A2F51E73A00F0B81D /* BookWorkplace */,
			);
			name = Impulse;
			packageProductDependencies = (
			);
			productName = Impulse;
			productReference = 121342E22F5045FE00B85F30 /* Impulse.app */;
			productType = "com.apple.product-type.application";
		};
/* End PBXNativeTarget section */

/* Begin PBXProject section */
		121342DA2F5045FE00B85F30 /* Project object */ = {
			isa = PBXProject;
			attributes = {
				BuildIndependentTargetsInParallel = 1;
				LastSwiftUpdateCheck = 2620;
				LastUpgradeCheck = 2620;
				TargetAttributes = {
					121342E12F5045FE00B85F30 = {
						CreatedOnToolsVersion = 26.2;
					};
				};
			};
			buildConfigurationList = 121342DD2F5045FE00B85F30 /* Build configuration list for PBXProject "Impulse" */;
			developmentRegion = en;
			hasScannedForEncodings = 0;
			knownRegions = (
				en,
				Base,
			);
			mainGroup = 121342D92F5045FE00B85F30;
			minimizedProjectReferenceProxies = 1;
			preferredProjectObjectVersion = 77;
			productRefGroup = 121342E32F5045FE00B85F30 /* Products */;
			projectDirPath = "";
			projectRoot = "";
			targets = (
				121342E12F5045FE00B85F30 /* Impulse */,
			);
		};
/* End PBXProject section */

/* Begin PBXResourcesBuildPhase section */
		121342E02F5045FE00B85F30 /* Resources */ = {
			isa = PBXResourcesBuildPhase;
			buildActionMask = 2147483647;
			files = (
				1269EE342F5491FD00182A81 /* tokenizer.json in Resources */,
				12E074FB2F54937400D8F380 /* vocab.txt in Resources */,
				124A08DE2F5488DA0070504C /* tokenizer.json in Resources */,
			);
			runOnlyForDeploymentPostprocessing = 0;
		};
/* End PBXResourcesBuildPhase section */

/* Begin PBXSourcesBuildPhase section */
		121342DE2F5045FE00B85F30 /* Sources */ = {
			isa = PBXSourcesBuildPhase;
			buildActionMask = 2147483647;
			files = (
				121343062F505E9100B85F30 /* NovelWorkspaceView.swift in Sources */,
				121247272F5B486F006EA54A /* WordScreen.swift in Sources */,
				121247252F5B47C0006EA54A /* RolesCard.swift in Sources */,
				121343042F505E8600B85F30 /* ScienceWorkspaceView.swift in Sources */,
				121342F22F50461B00B85F30 /* DataBase.swift in Sources */,
				12E075742F55DB0600D8F380 /* float16_model.mlpackage in Sources */,
				121247232F5B472F006EA54A /* Screen.swift in Sources */,
				124A08C42F547D720070504C /* Embeddingservice.swift in Sources */,
				124A08C62F547E0E0070504C /* Search.swift in Sources */,
				121343052F505E8C00B85F30 /* ScreenplayWorkspaceView.swift in Sources */,
				12E074FD2F54966800D8F380 /* Quicksearch.swift in Sources */,
			);
			runOnlyForDeploymentPostprocessing = 0;
		};
/* End PBXSourcesBuildPhase section */

/* Begin XCBuildConfiguration section */
		121342EB2F5045FE00B85F30 /* Debug */ = {
			isa = XCBuildConfiguration;
			buildSettings = {
				ALWAYS_SEARCH_USER_PATHS = NO;
				ASSETCATALOG_COMPILER_GENERATE_SWIFT_ASSET_SYMBOL_EXTENSIONS = YES;
				CLANG_ANALYZER_NONNULL = YES;
				CLANG_ANALYZER_NUMBER_OBJECT_CONVERSION = YES_AGGRESSIVE;
				CLANG_CXX_LANGUAGE_STANDARD = "gnu++20";
				CLANG_ENABLE_MODULES = YES;
				CLANG_ENABLE_OBJC_ARC = YES;
				CLANG_ENABLE_OBJC_WEAK = YES;
				CLANG_WARN_BLOCK_CAPTURE_AUTORELEASING = YES;
				CLANG_WARN_BOOL_CONVERSION = YES;
				CLANG_WARN_COMMA = YES;
				CLANG_WARN_CONSTANT_CONVERSION = YES;
				CLANG_WARN_DEPRECATED_OBJC_IMPLEMENTATIONS = YES;
				CLANG_WARN_DIRECT_OBJC_ISA_USAGE = YES_ERROR;
				CLANG_WARN_DOCUMENTATION_COMMENTS = YES;
				CLANG_WARN_EMPTY_BODY = YES;
				CLANG_WARN_ENUM_CONVERSION = YES;
				CLANG_WARN_INFINITE_RECURSION = YES;
				CLANG_WARN_INT_CONVERSION = YES;
				CLANG_WARN_NON_LITERAL_NULL_CONVERSION = YES;
				CLANG_WARN_OBJC_IMPLICIT_RETAIN_SELF = YES;
				CLANG_WARN_OBJC_LITERAL_CONVERSION = YES;
				CLANG_WARN_OBJC_ROOT_CLASS = YES_ERROR;
				CLANG_WARN_QUOTED_INCLUDE_IN_FRAMEWORK_HEADER = YES;
				CLANG_WARN_RANGE_LOOP_ANALYSIS = YES;
				CLANG_WARN_STRICT_PROTOTYPES = YES;
				CLANG_WARN_SUSPICIOUS_MOVE = YES;
				CLANG_WARN_UNGUARDED_AVAILABILITY = YES_AGGRESSIVE;
				CLANG_WARN_UNREACHABLE_CODE = YES;
				CLANG_WARN__DUPLICATE_METHOD_MATCH = YES;
				COPY_PHASE_STRIP = NO;
				DEBUG_INFORMATION_FORMAT = dwarf;
				DEVELOPMENT_TEAM = LRM75RG9P9;
				ENABLE_STRICT_OBJC_MSGSEND = YES;
				ENABLE_TESTABILITY = YES;
				ENABLE_USER_SCRIPT_SANDBOXING = YES;
				GCC_C_LANGUAGE_STANDARD = gnu17;
				GCC_DYNAMIC_NO_PIC = NO;
				GCC_NO_COMMON_BLOCKS = YES;
				GCC_OPTIMIZATION_LEVEL = 0;
				GCC_PREPROCESSOR_DEFINITIONS = (
					"DEBUG=1",
					"$(inherited)",
				);
				GCC_WARN_64_TO_32_BIT_CONVERSION = YES;
				GCC_WARN_ABOUT_RETURN_TYPE = YES_ERROR;
				GCC_WARN_UNDECLARED_SELECTOR = YES;
				GCC_WARN_UNINITIALIZED_AUTOS = YES_AGGRESSIVE;
				GCC_WARN_UNUSED_FUNCTION = YES;
				GCC_WARN_UNUSED_VARIABLE = YES;
				LOCALIZATION_PREFERS_STRING_CATALOGS = YES;
				MTL_ENABLE_DEBUG_INFO = INCLUDE_SOURCE;
				MTL_FAST_MATH = YES;
				NEW_SETTING = "";
				ONLY_ACTIVE_ARCH = YES;
				SWIFT_ACTIVE_COMPILATION_CONDITIONS = "DEBUG $(inherited)";
				SWIFT_OPTIMIZATION_LEVEL = "-Onone";
			};
			name = Debug;
		};
		121342EC2F5045FE00B85F30 /* Release */ = {
			isa = XCBuildConfiguration;
			buildSettings = {
				ALWAYS_SEARCH_USER_PATHS = NO;
				ASSETCATALOG_COMPILER_GENERATE_SWIFT_ASSET_SYMBOL_EXTENSIONS = YES;
				CLANG_ANALYZER_NONNULL = YES;
				CLANG_ANALYZER_NUMBER_OBJECT_CONVERSION = YES_AGGRESSIVE;
				CLANG_CXX_LANGUAGE_STANDARD = "gnu++20";
				CLANG_ENABLE_MODULES = YES;
				CLANG_ENABLE_OBJC_ARC = YES;
				CLANG_ENABLE_OBJC_WEAK = YES;
				CLANG_WARN_BLOCK_CAPTURE_AUTORELEASING = YES;
				CLANG_WARN_BOOL_CONVERSION = YES;
				CLANG_WARN_COMMA = YES;
				CLANG_WARN_CONSTANT_CONVERSION = YES;
				CLANG_WARN_DEPRECATED_OBJC_IMPLEMENTATIONS = YES;
				CLANG_WARN_DIRECT_OBJC_ISA_USAGE = YES_ERROR;
				CLANG_WARN_DOCUMENTATION_COMMENTS = YES;
				CLANG_WARN_EMPTY_BODY = YES;
				CLANG_WARN_ENUM_CONVERSION = YES;
				CLANG_WARN_INFINITE_RECURSION = YES;
				CLANG_WARN_INT_CONVERSION = YES;
				CLANG_WARN_NON_LITERAL_NULL_CONVERSION = YES;
				CLANG_WARN_OBJC_IMPLICIT_RETAIN_SELF = YES;
				CLANG_WARN_OBJC_LITERAL_CONVERSION = YES;
				CLANG_WARN_OBJC_ROOT_CLASS = YES_ERROR;
				CLANG_WARN_QUOTED_INCLUDE_IN_FRAMEWORK_HEADER = YES;
				CLANG_WARN_RANGE_LOOP_ANALYSIS = YES;
				CLANG_WARN_STRICT_PROTOTYPES = YES;
				CLANG_WARN_SUSPICIOUS_MOVE = YES;
				CLANG_WARN_UNGUARDED_AVAILABILITY = YES_AGGRESSIVE;
				CLANG_WARN_UNREACHABLE_CODE = YES;
				CLANG_WARN__DUPLICATE_METHOD_MATCH = YES;
				COPY_PHASE_STRIP = NO;
				DEBUG_INFORMATION_FORMAT = "dwarf-with-dsym";
				DEVELOPMENT_TEAM = LRM75RG9P9;
				ENABLE_NS_ASSERTIONS = NO;
				ENABLE_STRICT_OBJC_MSGSEND = YES;
				ENABLE_USER_SCRIPT_SANDBOXING = YES;
				GCC_C_LANGUAGE_STANDARD = gnu17;
				GCC_NO_COMMON_BLOCKS = YES;
				GCC_WARN_64_TO_32_BIT_CONVERSION = YES;
				GCC_WARN_ABOUT_RETURN_TYPE = YES_ERROR;
				GCC_WARN_UNDECLARED_SELECTOR = YES;
				GCC_WARN_UNINITIALIZED_AUTOS = YES_AGGRESSIVE;
				GCC_WARN_UNUSED_FUNCTION = YES;
				GCC_WARN_UNUSED_VARIABLE = YES;
				LOCALIZATION_PREFERS_STRING_CATALOGS = YES;
				MTL_ENABLE_DEBUG_INFO = NO;
				MTL_FAST_MATH = YES;
				NEW_SETTING = "";
				SWIFT_COMPILATION_MODE = wholemodule;
			};
			name = Release;
		};
		121342EE2F5045FE00B85F30 /* Debug */ = {
			isa = XCBuildConfiguration;
			buildSettings = {
				ASSETCATALOG_COMPILER_APPICON_NAME = AppIcon;
				ASSETCATALOG_COMPILER_GLOBAL_ACCENT_COLOR_NAME = AccentColor;
				CODE_SIGN_ENTITLEMENTS = "";
				CODE_SIGN_STYLE = Automatic;
				CURRENT_PROJECT_VERSION = 1;
				DEVELOPMENT_TEAM = LRM75RG9P9;
				ENABLE_APP_SANDBOX = YES;
				ENABLE_HARDENED_RUNTIME = YES;
				ENABLE_PREVIEWS = YES;
				ENABLE_USER_SELECTED_FILES = readonly;
				GENERATE_INFOPLIST_FILE = YES;
				INFOPLIST_KEY_LSApplicationCategoryType = "public.app-category.books";
				"INFOPLIST_KEY_UIApplicationSceneManifest_Generation[sdk=iphoneos*]" = YES;
				"INFOPLIST_KEY_UIApplicationSceneManifest_Generation[sdk=iphonesimulator*]" = YES;
				"INFOPLIST_KEY_UIApplicationSupportsIndirectInputEvents[sdk=iphoneos*]" = YES;
				"INFOPLIST_KEY_UIApplicationSupportsIndirectInputEvents[sdk=iphonesimulator*]" = YES;
				"INFOPLIST_KEY_UILaunchScreen_Generation[sdk=iphoneos*]" = YES;
				"INFOPLIST_KEY_UILaunchScreen_Generation[sdk=iphonesimulator*]" = YES;
				"INFOPLIST_KEY_UIStatusBarStyle[sdk=iphoneos*]" = UIStatusBarStyleDefault;
				"INFOPLIST_KEY_UIStatusBarStyle[sdk=iphonesimulator*]" = UIStatusBarStyleDefault;
				INFOPLIST_KEY_UISupportedInterfaceOrientations_iPad = "UIInterfaceOrientationPortrait UIInterfaceOrientationPortraitUpsideDown UIInterfaceOrientationLandscapeLeft UIInterfaceOrientationLandscapeRight";
				INFOPLIST_KEY_UISupportedInterfaceOrientations_iPhone = "UIInterfaceOrientationPortrait UIInterfaceOrientationLandscapeLeft UIInterfaceOrientationLandscapeRight";
				IPHONEOS_DEPLOYMENT_TARGET = 26.2;
				LD_RUNPATH_SEARCH_PATHS = "@executable_path/Frameworks";
				"LD_RUNPATH_SEARCH_PATHS[sdk=macosx*]" = "@executable_path/../Frameworks";
				MACOSX_DEPLOYMENT_TARGET = 26.2;
				MARKETING_VERSION = 1.0;
				PRODUCT_BUNDLE_IDENTIFIER = SynapseProduction.Impulse;
				PRODUCT_NAME = "$(TARGET_NAME)";
				REGISTER_APP_GROUPS = YES;
				SDKROOT = auto;
				STRING_CATALOG_GENERATE_SYMBOLS = YES;
				SUPPORTED_PLATFORMS = macosx;
				SUPPORTS_MACCATALYST = NO;
				SWIFT_APPROACHABLE_CONCURRENCY = YES;
				SWIFT_DEFAULT_ACTOR_ISOLATION = MainActor;
				SWIFT_EMIT_LOC_STRINGS = YES;
				SWIFT_UPCOMING_FEATURE_MEMBER_IMPORT_VISIBILITY = YES;
				SWIFT_VERSION = 5.0;
				XROS_DEPLOYMENT_TARGET = 26.2;
			};
			name = Debug;
		};
		121342EF2F5045FE00B85F30 /* Release */ = {
			isa = XCBuildConfiguration;
			buildSettings = {
				ASSETCATALOG_COMPILER_APPICON_NAME = AppIcon;
				ASSETCATALOG_COMPILER_GLOBAL_ACCENT_COLOR_NAME = AccentColor;
				CODE_SIGN_ENTITLEMENTS = "";
				CODE_SIGN_STYLE = Automatic;
				CURRENT_PROJECT_VERSION = 1;
				DEVELOPMENT_TEAM = LRM75RG9P9;
				ENABLE_APP_SANDBOX = YES;
				ENABLE_HARDENED_RUNTIME = YES;
				ENABLE_PREVIEWS = YES;
				ENABLE_USER_SELECTED_FILES = readonly;
				GENERATE_INFOPLIST_FILE = YES;
				INFOPLIST_KEY_LSApplicationCategoryType = "public.app-category.books";
				"INFOPLIST_KEY_UIApplicationSceneManifest_Generation[sdk=iphoneos*]" = YES;
				"INFOPLIST_KEY_UIApplicationSceneManifest_Generation[sdk=iphonesimulator*]" = YES;
				"INFOPLIST_KEY_UIApplicationSupportsIndirectInputEvents[sdk=iphoneos*]" = YES;
				"INFOPLIST_KEY_UIApplicationSupportsIndirectInputEvents[sdk=iphonesimulator*]" = YES;
				"INFOPLIST_KEY_UILaunchScreen_Generation[sdk=iphoneos*]" = YES;
				"INFOPLIST_KEY_UILaunchScreen_Generation[sdk=iphonesimulator*]" = YES;
				"INFOPLIST_KEY_UIStatusBarStyle[sdk=iphoneos*]" = UIStatusBarStyleDefault;
				"INFOPLIST_KEY_UIStatusBarStyle[sdk=iphonesimulator*]" = UIStatusBarStyleDefault;
				INFOPLIST_KEY_UISupportedInterfaceOrientations_iPad = "UIInterfaceOrientationPortrait UIInterfaceOrientationPortraitUpsideDown UIInterfaceOrientationLandscapeLeft UIInterfaceOrientationLandscapeRight";
				INFOPLIST_KEY_UISupportedInterfaceOrientations_iPhone = "UIInterfaceOrientationPortrait UIInterfaceOrientationLandscapeLeft UIInterfaceOrientationLandscapeRight";
				IPHONEOS_DEPLOYMENT_TARGET = 26.2;
				LD_RUNPATH_SEARCH_PATHS = "@executable_path/Frameworks";
				"LD_RUNPATH_SEARCH_PATHS[sdk=macosx*]" = "@executable_path/../Frameworks";
				MACOSX_DEPLOYMENT_TARGET = 26.2;
				MARKETING_VERSION = 1.0;
				PRODUCT_BUNDLE_IDENTIFIER = SynapseProduction.Impulse;
				PRODUCT_NAME = "$(TARGET_NAME)";
				REGISTER_APP_GROUPS = YES;
				SDKROOT = auto;
				STRING_CATALOG_GENERATE_SYMBOLS = YES;
				SUPPORTED_PLATFORMS = macosx;
				SUPPORTS_MACCATALYST = NO;
				SWIFT_APPROACHABLE_CONCURRENCY = YES;
				SWIFT_DEFAULT_ACTOR_ISOLATION = MainActor;
				SWIFT_EMIT_LOC_STRINGS = YES;
				SWIFT_UPCOMING_FEATURE_MEMBER_IMPORT_VISIBILITY = YES;
				SWIFT_VERSION = 5.0;
				XROS_DEPLOYMENT_TARGET = 26.2;
			};
			name = Release;
		};
/* End XCBuildConfiguration section */

/* Begin XCConfigurationList section */
		121342DD2F5045FE00B85F30 /* Build configuration list for PBXProject "Impulse" */ = {
			isa = XCConfigurationList;
			buildConfigurations = (
				121342EB2F5045FE00B85F30 /* Debug */,
				121342EC2F5045FE00B85F30 /* Release */,
			);
			defaultConfigurationIsVisible = 0;
			defaultConfigurationName = Release;
		};
		121342ED2F5045FE00B85F30 /* Build configuration list for PBXNativeTarget "Impulse" */ = {
			isa = XCConfigurationList;
			buildConfigurations = (
				121342EE2F5045FE00B85F30 /* Debug */,
				121342EF2F5045FE00B85F30 /* Release */,
			);
			defaultConfigurationIsVisible = 0;
			defaultConfigurationName = Release;
		};
/* End XCConfigurationList section */
	};
	rootObject = 121342DA2F5045FE00B85F30 /* Project object */;
}
